# This file was autogenerated by Stack.
# You should not edit this file by hand.
# For more information, please see the documentation at:
#   https://docs.haskellstack.org/en/stable/lock_files

packages:
- completed:
    hackage: text-trie-0.2.5.0@sha256:8064c70e67dd3db1a04f3fc002b130d167fbc4da4101919fbb0da4484a917ca5,4377
    pantry-tree:
      size: 1258
      sha256: 9464c910e4e3466b35b1e851b614b4104a7b407be1c35ee55ae4611cf81d213b
  original:
    hackage: text-trie-0.2.5.0
- completed:
    hackage: splitmix-0.0.4@sha256:fb9bb8b54a2e76c8a021fe5c4c3798047e1f60e168379a1f80693047fe00ad0e,4813
    pantry-tree:
      size: 872
      sha256: e58892088b95190bfb59a7c0803f7ef65338e57fc9b938d7c166563605003902
  original:
    hackage: splitmix-0.0.4
- completed:
    size: 12595
    url: https://github.com/HolosDev/CEREScript-Core01/archive/57902f98f58ab796b6c83356b8c97a181c497326.tar.gz
    cabal-file:
      size: 2066
      sha256: f3864a4d28b5248a8f77f0ef4bb6fde7231e66d2c099e9328525b7a6736f0c3a
    name: CEREScript-Core01
    version: 0.15.0.0
    sha256: 6f2c158c43da2a0cd5159a70473041c65225cbaeda0db96e92deae14993c34a7
    pantry-tree:
      size: 2293
      sha256: f9b95581bd2b8e8f7e1feb5976f997dc7cd70ab1309452013935e5ae92935a9b
  original:
    url: https://github.com/HolosDev/CEREScript-Core01/archive/57902f98f58ab796b6c83356b8c97a181c497326.tar.gz
snapshots:
- completed:
    size: 524996
    url: https://raw.githubusercontent.com/commercialhaskell/stackage-snapshots/master/lts/14/27.yaml
    sha256: 7ea31a280c56bf36ff591a7397cc384d0dff622e7f9e4225b47d8980f019a0f0
  original: lts-14.27
