# This file was autogenerated by Stack.
# You should not edit this file by hand.
# For more information, please see the documentation at:
#   https://docs.haskellstack.org/en/stable/lock_files

packages:
- completed:
    hackage: text-trie-0.2.5.0@sha256:8064c70e67dd3db1a04f3fc002b130d167fbc4da4101919fbb0da4484a917ca5,4377
    pantry-tree:
      size: 1258
      sha256: 9464c910e4e3466b35b1e851b614b4104a7b407be1c35ee55ae4611cf81d213b
  original:
    hackage: text-trie-0.2.5.0
- completed:
    hackage: splitmix-0.0.4@sha256:fb9bb8b54a2e76c8a021fe5c4c3798047e1f60e168379a1f80693047fe00ad0e,4813
    pantry-tree:
      size: 872
      sha256: e58892088b95190bfb59a7c0803f7ef65338e57fc9b938d7c166563605003902
  original:
    hackage: splitmix-0.0.4
- completed:
    size: 14058
    url: https://github.com/HolosDev/CEREScript-Core01/archive/7695807e38a01274ee28a5baaa55552978ac4865.tar.gz
    cabal-file:
      size: 2058
      sha256: 0a3b421949e8178c26225d1162dc45faff22b95a446a80231ba717fab377b376
    name: CEREScript-Core01
    version: 0.16.0.0
    sha256: 973cd303bfe99729f858e729b29b7ec8466f831ec8455803e0071e97d359db4c
    pantry-tree:
      size: 2285
      sha256: ebd7f0c4256f8398af79a26d2daa8b784d14f1d81dcea38b943135c898626886
  original:
    url: https://github.com/HolosDev/CEREScript-Core01/archive/7695807e38a01274ee28a5baaa55552978ac4865.tar.gz
snapshots:
- completed:
    size: 524996
    url: https://raw.githubusercontent.com/commercialhaskell/stackage-snapshots/master/lts/14/27.yaml
    sha256: 7ea31a280c56bf36ff591a7397cc384d0dff622e7f9e4225b47d8980f019a0f0
  original: lts-14.27
