# This file was autogenerated by Stack.
# You should not edit this file by hand.
# For more information, please see the documentation at:
#   https://docs.haskellstack.org/en/stable/lock_files

packages:
- completed:
    hackage: text-trie-0.2.5.0@sha256:8064c70e67dd3db1a04f3fc002b130d167fbc4da4101919fbb0da4484a917ca5,4377
    pantry-tree:
      size: 1258
      sha256: 9464c910e4e3466b35b1e851b614b4104a7b407be1c35ee55ae4611cf81d213b
  original:
    hackage: text-trie-0.2.5.0
- completed:
    hackage: splitmix-0.0.4@sha256:fb9bb8b54a2e76c8a021fe5c4c3798047e1f60e168379a1f80693047fe00ad0e,4813
    pantry-tree:
      size: 872
      sha256: e58892088b95190bfb59a7c0803f7ef65338e57fc9b938d7c166563605003902
  original:
    hackage: splitmix-0.0.4
- completed:
    size: 14697
    url: https://github.com/HolosDev/CEREScript-SS/archive/3cdec61a527b5523e1f416be2619a0345dc707fe.tar.gz
    cabal-file:
      size: 2020
      sha256: 3689fbc97456c47517f70e1be78f6c861ec2da5b72104ade9485b1a5d6f4d75c
    name: CEREScript-SS
    version: 0.20.0.0
    sha256: 299e24ea46fea803329d20a22dcee3d9952ddd38ac417c7fff97770d365fadd1
    pantry-tree:
      size: 2163
      sha256: 7eca828353e7b45c24ffc33deba7852f79cead15b728154a12db321621e8c9cc
  original:
    url: https://github.com/HolosDev/CEREScript-SS/archive/3cdec61a527b5523e1f416be2619a0345dc707fe.tar.gz
snapshots:
- completed:
    size: 524996
    url: https://raw.githubusercontent.com/commercialhaskell/stackage-snapshots/master/lts/14/27.yaml
    sha256: 7ea31a280c56bf36ff591a7397cc384d0dff622e7f9e4225b47d8980f019a0f0
  original: lts-14.27
